
Microsoft Visual Studio Solution File, Format Version 12.00
# Visual Studio Version 17
VisualStudioVersion = 17.11.35222.181
MinimumVisualStudioVersion = 10.0.40219.1
Project("{9A19103F-16F7-4668-BE54-9A1E7A4F7556}") = "EsTuMajeur", "..\LesConditions\EsTuMajeur\EsTuMajeur.csproj", "{BC2BDE0B-FD85-47F0-B79F-EDDB02E42CE3}"
EndProject
Project("{9A19103F-16F7-4668-BE54-9A1E7A4F7556}") = "MaRetraite", "..\LesConditions\MaRetraite\MaRetraite.csproj", "{E5E39168-535B-49B4-B854-D4AD4C0CFB74}"
EndProject
Project("{9A19103F-16F7-4668-BE54-9A1E7A4F7556}") = "TriDeNombre", "..\TriDeNombre\TriDeNombre.csproj", "{AF4A2C5B-A8AE-4911-AD80-D9E4FC6BFD15}"
EndProject
Project("{9A19103F-16F7-4668-BE54-9A1E7A4F7556}") = "TriDeNombre++", "..\LesConditions\TriDeNombre++\TriDeNombre++.csproj", "{0C795D8C-A1CC-4D30-902A-F019D3BC36B9}"
EndProject
Project("{9A19103F-16F7-4668-BE54-9A1E7A4F7556}") = "MaBicyclette", "..\LesConditions\MaBicyclette\MaBicyclette.csproj", "{9FEFA7BE-AE60-4A2E-9A02-C218511FD70A}"
EndProject
Project("{9A19103F-16F7-4668-BE54-9A1E7A4F7556}") = "ControlerLaSaisie", "..\LesBoucles\ControlerLaSaisie\ControlerLaSaisie.csproj", "{4233EB4D-CF16-4ADE-BF8B-136D8825033D}"
EndProject
Project("{9A19103F-16F7-4668-BE54-9A1E7A4F7556}") = "ControllerLaSaisieAvecLimite", "..\LesBoucles\ControllerLaSaisieAvecLimite\ControllerLaSaisieAvecLimite.csproj", "{AE1EC9C7-7DDD-4F99-BE6F-ED81BB62692C}"
EndProject
Project("{9A19103F-16F7-4668-BE54-9A1E7A4F7556}") = "IntervalleEntre2Nombres", "..\LesBoucles\IntervalleEntre2Nombres\IntervalleEntre2Nombres.csproj", "{607853A5-2519-4F2B-AECC-D0F0E2A4ED16}"
EndProject
Project("{9A19103F-16F7-4668-BE54-9A1E7A4F7556}") = "RechercheDesDiviseurs", "..\LesBoucles\RechercheDesDiviseurs\RechercheDesDiviseurs.csproj", "{9884AF11-2B6B-4BFA-83CF-445CC969FCD9}"
EndProject
Project("{9A19103F-16F7-4668-BE54-9A1E7A4F7556}") = "NombrePremier", "..\LesBoucles\NombrePremier\NombrePremier.csproj", "{6443AB1A-4885-4AC5-9A90-E027BD548FF3}"
EndProject
Project("{9A19103F-16F7-4668-BE54-9A1E7A4F7556}") = "JeuDeLaFourchette", "..\LesBoucles\JeuDeLaFourchette\JeuDeLaFourchette.csproj", "{16728654-3A67-47C9-B1F2-3DCA417F2EBE}"
EndProject
Project("{9A19103F-16F7-4668-BE54-9A1E7A4F7556}") = "RechercheNombreDansTableau", "..\LesTableaux\RechercheNombreDansTableau\RechercheNombreDansTableau.csproj", "{174A76DA-A8A2-498F-B54A-C18069666C3E}"
EndProject
Project("{9A19103F-16F7-4668-BE54-9A1E7A4F7556}") = "RechercheNombreOccurencesLettreDansPhrase", "..\LesTableaux\RechercheNombreOccurencesLettreDansPhrase\RechercheNombreOccurencesLettreDansPhrase.csproj", "{526E1E20-FB80-453A-97FF-6A0CD2F061B5}"
EndProject
Project("{9A19103F-16F7-4668-BE54-9A1E7A4F7556}") = "BarnabeFaitSesCourses", "..\LesBoucles\BarnabeFaitSesCourses\BarnabeFaitSesCourses.csproj", "{FCDDC86A-C0E6-461C-AD64-2FD001EFB4A4}"
EndProject
Project("{9A19103F-16F7-4668-BE54-9A1E7A4F7556}") = "DenombrerLettres", "..\LesTableaux\DenombrerLettres\DenombrerLettres.csproj", "{E877DC8C-2695-47C4-A8A8-0D85B0EA583D}"
	ProjectSection(ProjectDependencies) = postProject
		{CA9324BB-F358-4CD2-82F3-00C21D1EA3D9} = {CA9324BB-F358-4CD2-82F3-00C21D1EA3D9}
	EndProjectSection
EndProject
Project("{9A19103F-16F7-4668-BE54-9A1E7A4F7556}") = "FabriceTools", "..\FabriceTools\FabriceTools.csproj", "{CA9324BB-F358-4CD2-82F3-00C21D1EA3D9}"
EndProject
Project("{9A19103F-16F7-4668-BE54-9A1E7A4F7556}") = "TriTableau", "..\LesTableaux\TriTableau\TriTableau.csproj", "{13A36F74-23E1-4789-B68A-B80155D80354}"
EndProject
Project("{FAE04EC0-301F-11D3-BF4B-00C04F79EFBC}") = "Palindrome", "..\LesTableaux\Palindrome\Palindrome.csproj", "{C59DADCA-4EF2-4B6D-B41E-B4B6BCC78B41}"
EndProject
Project("{FAE04EC0-301F-11D3-BF4B-00C04F79EFBC}") = "Fruit&Legumes", "..\Révisions\Fruit&Legumes\Fruit&Legumes.csproj", "{1C7FB72C-CCA0-415E-B335-95B1522296C9}"
EndProject
Global
	GlobalSection(SolutionConfigurationPlatforms) = preSolution
		Debug|Any CPU = Debug|Any CPU
		Release|Any CPU = Release|Any CPU
	EndGlobalSection
	GlobalSection(ProjectConfigurationPlatforms) = postSolution
		{BC2BDE0B-FD85-47F0-B79F-EDDB02E42CE3}.Debug|Any CPU.ActiveCfg = Debug|Any CPU
		{BC2BDE0B-FD85-47F0-B79F-EDDB02E42CE3}.Debug|Any CPU.Build.0 = Debug|Any CPU
		{BC2BDE0B-FD85-47F0-B79F-EDDB02E42CE3}.Release|Any CPU.ActiveCfg = Release|Any CPU
		{BC2BDE0B-FD85-47F0-B79F-EDDB02E42CE3}.Release|Any CPU.Build.0 = Release|Any CPU
		{E5E39168-535B-49B4-B854-D4AD4C0CFB74}.Debug|Any CPU.ActiveCfg = Debug|Any CPU
		{E5E39168-535B-49B4-B854-D4AD4C0CFB74}.Debug|Any CPU.Build.0 = Debug|Any CPU
		{E5E39168-535B-49B4-B854-D4AD4C0CFB74}.Release|Any CPU.ActiveCfg = Release|Any CPU
		{E5E39168-535B-49B4-B854-D4AD4C0CFB74}.Release|Any CPU.Build.0 = Release|Any CPU
		{AF4A2C5B-A8AE-4911-AD80-D9E4FC6BFD15}.Debug|Any CPU.ActiveCfg = Debug|Any CPU
		{AF4A2C5B-A8AE-4911-AD80-D9E4FC6BFD15}.Debug|Any CPU.Build.0 = Debug|Any CPU
		{AF4A2C5B-A8AE-4911-AD80-D9E4FC6BFD15}.Release|Any CPU.ActiveCfg = Release|Any CPU
		{AF4A2C5B-A8AE-4911-AD80-D9E4FC6BFD15}.Release|Any CPU.Build.0 = Release|Any CPU
		{0C795D8C-A1CC-4D30-902A-F019D3BC36B9}.Debug|Any CPU.ActiveCfg = Debug|Any CPU
		{0C795D8C-A1CC-4D30-902A-F019D3BC36B9}.Debug|Any CPU.Build.0 = Debug|Any CPU
		{0C795D8C-A1CC-4D30-902A-F019D3BC36B9}.Release|Any CPU.ActiveCfg = Release|Any CPU
		{0C795D8C-A1CC-4D30-902A-F019D3BC36B9}.Release|Any CPU.Build.0 = Release|Any CPU
		{9FEFA7BE-AE60-4A2E-9A02-C218511FD70A}.Debug|Any CPU.ActiveCfg = Debug|Any CPU
		{9FEFA7BE-AE60-4A2E-9A02-C218511FD70A}.Debug|Any CPU.Build.0 = Debug|Any CPU
		{9FEFA7BE-AE60-4A2E-9A02-C218511FD70A}.Release|Any CPU.ActiveCfg = Release|Any CPU
		{9FEFA7BE-AE60-4A2E-9A02-C218511FD70A}.Release|Any CPU.Build.0 = Release|Any CPU
		{4233EB4D-CF16-4ADE-BF8B-136D8825033D}.Debug|Any CPU.ActiveCfg = Debug|Any CPU
		{4233EB4D-CF16-4ADE-BF8B-136D8825033D}.Debug|Any CPU.Build.0 = Debug|Any CPU
		{4233EB4D-CF16-4ADE-BF8B-136D8825033D}.Release|Any CPU.ActiveCfg = Release|Any CPU
		{4233EB4D-CF16-4ADE-BF8B-136D8825033D}.Release|Any CPU.Build.0 = Release|Any CPU
		{AE1EC9C7-7DDD-4F99-BE6F-ED81BB62692C}.Debug|Any CPU.ActiveCfg = Debug|Any CPU
		{AE1EC9C7-7DDD-4F99-BE6F-ED81BB62692C}.Debug|Any CPU.Build.0 = Debug|Any CPU
		{AE1EC9C7-7DDD-4F99-BE6F-ED81BB62692C}.Release|Any CPU.ActiveCfg = Release|Any CPU
		{AE1EC9C7-7DDD-4F99-BE6F-ED81BB62692C}.Release|Any CPU.Build.0 = Release|Any CPU
		{607853A5-2519-4F2B-AECC-D0F0E2A4ED16}.Debug|Any CPU.ActiveCfg = Debug|Any CPU
		{607853A5-2519-4F2B-AECC-D0F0E2A4ED16}.Debug|Any CPU.Build.0 = Debug|Any CPU
		{607853A5-2519-4F2B-AECC-D0F0E2A4ED16}.Release|Any CPU.ActiveCfg = Release|Any CPU
		{607853A5-2519-4F2B-AECC-D0F0E2A4ED16}.Release|Any CPU.Build.0 = Release|Any CPU
		{9884AF11-2B6B-4BFA-83CF-445CC969FCD9}.Debug|Any CPU.ActiveCfg = Debug|Any CPU
		{9884AF11-2B6B-4BFA-83CF-445CC969FCD9}.Debug|Any CPU.Build.0 = Debug|Any CPU
		{9884AF11-2B6B-4BFA-83CF-445CC969FCD9}.Release|Any CPU.ActiveCfg = Release|Any CPU
		{9884AF11-2B6B-4BFA-83CF-445CC969FCD9}.Release|Any CPU.Build.0 = Release|Any CPU
		{6443AB1A-4885-4AC5-9A90-E027BD548FF3}.Debug|Any CPU.ActiveCfg = Debug|Any CPU
		{6443AB1A-4885-4AC5-9A90-E027BD548FF3}.Debug|Any CPU.Build.0 = Debug|Any CPU
		{6443AB1A-4885-4AC5-9A90-E027BD548FF3}.Release|Any CPU.ActiveCfg = Release|Any CPU
		{6443AB1A-4885-4AC5-9A90-E027BD548FF3}.Release|Any CPU.Build.0 = Release|Any CPU
		{16728654-3A67-47C9-B1F2-3DCA417F2EBE}.Debug|Any CPU.ActiveCfg = Debug|Any CPU
		{16728654-3A67-47C9-B1F2-3DCA417F2EBE}.Debug|Any CPU.Build.0 = Debug|Any CPU
		{16728654-3A67-47C9-B1F2-3DCA417F2EBE}.Release|Any CPU.ActiveCfg = Release|Any CPU
		{16728654-3A67-47C9-B1F2-3DCA417F2EBE}.Release|Any CPU.Build.0 = Release|Any CPU
		{174A76DA-A8A2-498F-B54A-C18069666C3E}.Debug|Any CPU.ActiveCfg = Debug|Any CPU
		{174A76DA-A8A2-498F-B54A-C18069666C3E}.Debug|Any CPU.Build.0 = Debug|Any CPU
		{174A76DA-A8A2-498F-B54A-C18069666C3E}.Release|Any CPU.ActiveCfg = Release|Any CPU
		{174A76DA-A8A2-498F-B54A-C18069666C3E}.Release|Any CPU.Build.0 = Release|Any CPU
		{526E1E20-FB80-453A-97FF-6A0CD2F061B5}.Debug|Any CPU.ActiveCfg = Debug|Any CPU
		{526E1E20-FB80-453A-97FF-6A0CD2F061B5}.Debug|Any CPU.Build.0 = Debug|Any CPU
		{526E1E20-FB80-453A-97FF-6A0CD2F061B5}.Release|Any CPU.ActiveCfg = Release|Any CPU
		{526E1E20-FB80-453A-97FF-6A0CD2F061B5}.Release|Any CPU.Build.0 = Release|Any CPU
		{FCDDC86A-C0E6-461C-AD64-2FD001EFB4A4}.Debug|Any CPU.ActiveCfg = Debug|Any CPU
		{FCDDC86A-C0E6-461C-AD64-2FD001EFB4A4}.Debug|Any CPU.Build.0 = Debug|Any CPU
		{FCDDC86A-C0E6-461C-AD64-2FD001EFB4A4}.Release|Any CPU.ActiveCfg = Release|Any CPU
		{FCDDC86A-C0E6-461C-AD64-2FD001EFB4A4}.Release|Any CPU.Build.0 = Release|Any CPU
		{E877DC8C-2695-47C4-A8A8-0D85B0EA583D}.Debug|Any CPU.ActiveCfg = Debug|Any CPU
		{E877DC8C-2695-47C4-A8A8-0D85B0EA583D}.Debug|Any CPU.Build.0 = Debug|Any CPU
		{E877DC8C-2695-47C4-A8A8-0D85B0EA583D}.Release|Any CPU.ActiveCfg = Release|Any CPU
		{E877DC8C-2695-47C4-A8A8-0D85B0EA583D}.Release|Any CPU.Build.0 = Release|Any CPU
		{CA9324BB-F358-4CD2-82F3-00C21D1EA3D9}.Debug|Any CPU.ActiveCfg = Debug|Any CPU
		{CA9324BB-F358-4CD2-82F3-00C21D1EA3D9}.Debug|Any CPU.Build.0 = Debug|Any CPU
		{CA9324BB-F358-4CD2-82F3-00C21D1EA3D9}.Release|Any CPU.ActiveCfg = Release|Any CPU
		{CA9324BB-F358-4CD2-82F3-00C21D1EA3D9}.Release|Any CPU.Build.0 = Release|Any CPU
		{13A36F74-23E1-4789-B68A-B80155D80354}.Debug|Any CPU.ActiveCfg = Debug|Any CPU
		{13A36F74-23E1-4789-B68A-B80155D80354}.Debug|Any CPU.Build.0 = Debug|Any CPU
		{13A36F74-23E1-4789-B68A-B80155D80354}.Release|Any CPU.ActiveCfg = Release|Any CPU
		{13A36F74-23E1-4789-B68A-B80155D80354}.Release|Any CPU.Build.0 = Release|Any CPU
		{C59DADCA-4EF2-4B6D-B41E-B4B6BCC78B41}.Debug|Any CPU.ActiveCfg = Debug|Any CPU
		{C59DADCA-4EF2-4B6D-B41E-B4B6BCC78B41}.Debug|Any CPU.Build.0 = Debug|Any CPU
		{C59DADCA-4EF2-4B6D-B41E-B4B6BCC78B41}.Release|Any CPU.ActiveCfg = Release|Any CPU
		{C59DADCA-4EF2-4B6D-B41E-B4B6BCC78B41}.Release|Any CPU.Build.0 = Release|Any CPU
		{1C7FB72C-CCA0-415E-B335-95B1522296C9}.Debug|Any CPU.ActiveCfg = Debug|Any CPU
		{1C7FB72C-CCA0-415E-B335-95B1522296C9}.Debug|Any CPU.Build.0 = Debug|Any CPU
		{1C7FB72C-CCA0-415E-B335-95B1522296C9}.Release|Any CPU.ActiveCfg = Release|Any CPU
		{1C7FB72C-CCA0-415E-B335-95B1522296C9}.Release|Any CPU.Build.0 = Release|Any CPU
	EndGlobalSection
	GlobalSection(SolutionProperties) = preSolution
		HideSolutionNode = FALSE
	EndGlobalSection
	GlobalSection(ExtensibilityGlobals) = postSolution
		SolutionGuid = {6F7ED590-2D14-4409-8E8D-418DFB81056D}
	EndGlobalSection
EndGlobal
