
Microsoft Visual Studio Solution File, Format Version 12.00
# Visual Studio Version 17
VisualStudioVersion = 17.11.35222.181
MinimumVisualStudioVersion = 10.0.40219.1
Project("{9A19103F-16F7-4668-BE54-9A1E7A4F7556}") = "EsTuMajeur", "..\LesConditions\EsTuMajeur\EsTuMajeur.csproj", "{BC2BDE0B-FD85-47F0-B79F-EDDB02E42CE3}"
EndProject
Project("{9A19103F-16F7-4668-BE54-9A1E7A4F7556}") = "MaRetraite", "..\LesConditions\MaRetraite\MaRetraite.csproj", "{E5E39168-535B-49B4-B854-D4AD4C0CFB74}"
EndProject
Project("{9A19103F-16F7-4668-BE54-9A1E7A4F7556}") = "TriDeNombre", "..\TriDeNombre\TriDeNombre.csproj", "{AF4A2C5B-A8AE-4911-AD80-D9E4FC6BFD15}"
EndProject
Global
	GlobalSection(SolutionConfigurationPlatforms) = preSolution
		Debug|Any CPU = Debug|Any CPU
		Release|Any CPU = Release|Any CPU
	EndGlobalSection
	GlobalSection(ProjectConfigurationPlatforms) = postSolution
		{BC2BDE0B-FD85-47F0-B79F-EDDB02E42CE3}.Debug|Any CPU.ActiveCfg = Debug|Any CPU
		{BC2BDE0B-FD85-47F0-B79F-EDDB02E42CE3}.Debug|Any CPU.Build.0 = Debug|Any CPU
		{BC2BDE0B-FD85-47F0-B79F-EDDB02E42CE3}.Release|Any CPU.ActiveCfg = Release|Any CPU
		{BC2BDE0B-FD85-47F0-B79F-EDDB02E42CE3}.Release|Any CPU.Build.0 = Release|Any CPU
		{E5E39168-535B-49B4-B854-D4AD4C0CFB74}.Debug|Any CPU.ActiveCfg = Debug|Any CPU
		{E5E39168-535B-49B4-B854-D4AD4C0CFB74}.Debug|Any CPU.Build.0 = Debug|Any CPU
		{E5E39168-535B-49B4-B854-D4AD4C0CFB74}.Release|Any CPU.ActiveCfg = Release|Any CPU
		{E5E39168-535B-49B4-B854-D4AD4C0CFB74}.Release|Any CPU.Build.0 = Release|Any CPU
		{AF4A2C5B-A8AE-4911-AD80-D9E4FC6BFD15}.Debug|Any CPU.ActiveCfg = Debug|Any CPU
		{AF4A2C5B-A8AE-4911-AD80-D9E4FC6BFD15}.Debug|Any CPU.Build.0 = Debug|Any CPU
		{AF4A2C5B-A8AE-4911-AD80-D9E4FC6BFD15}.Release|Any CPU.ActiveCfg = Release|Any CPU
		{AF4A2C5B-A8AE-4911-AD80-D9E4FC6BFD15}.Release|Any CPU.Build.0 = Release|Any CPU
	EndGlobalSection
	GlobalSection(SolutionProperties) = preSolution
		HideSolutionNode = FALSE
	EndGlobalSection
	GlobalSection(ExtensibilityGlobals) = postSolution
		SolutionGuid = {6F7ED590-2D14-4409-8E8D-418DFB81056D}
	EndGlobalSection
EndGlobal
